
Microsoft Visual Studio Solution File, Format Version 12.00
# Visual Studio 15
VisualStudioVersion = 15.0.28307.168
MinimumVisualStudioVersion = 10.0.40219.1
Project("{FAE04EC0-301F-11D3-BF4B-00C04F79EFBC}") = "Zoo", "BuildAZoo\Zoo.csproj", "{8FD6C81A-A365-4AD6-8274-CC04C622A96F}"
EndProject
Global
	GlobalSection(SolutionConfigurationPlatforms) = preSolution
		Debug|Any CPU = Debug|Any CPU
		Release|Any CPU = Release|Any CPU
	EndGlobalSection
	GlobalSection(ProjectConfigurationPlatforms) = postSolution
		{8FD6C81A-A365-4AD6-8274-CC04C622A96F}.Debug|Any CPU.ActiveCfg = Debug|Any CPU
		{8FD6C81A-A365-4AD6-8274-CC04C622A96F}.Debug|Any CPU.Build.0 = Debug|Any CPU
		{8FD6C81A-A365-4AD6-8274-CC04C622A96F}.Release|Any CPU.ActiveCfg = Release|Any CPU
		{8FD6C81A-A365-4AD6-8274-CC04C622A96F}.Release|Any CPU.Build.0 = Release|Any CPU
	EndGlobalSection
	GlobalSection(SolutionProperties) = preSolution
		HideSolutionNode = FALSE
	EndGlobalSection
	GlobalSection(ExtensibilityGlobals) = postSolution
		SolutionGuid = {2525635D-F545-4EB1-B994-C6309AEEADC3}
	EndGlobalSection
EndGlobal
